// !$*UTF8*$!
{
	archiveVersion = 1;
	classes = {
	};
	objectVersion = 46;
	objects = {

/* Begin PBXBuildFile section */
		144B0C55196BFD7E00166644 /* Foundation.framework in Frameworks */ = {isa = PBXBuildFile; fileRef = 144B0C54196BFD7E00166644 /* Foundation.framework */; };
		144B0C57196BFD7E00166644 /* CoreGraphics.framework in Frameworks */ = {isa = PBXBuildFile; fileRef = 144B0C56196BFD7E00166644 /* CoreGraphics.framework */; };
		144B0C59196BFD7E00166644 /* UIKit.framework in Frameworks */ = {isa = PBXBuildFile; fileRef = 144B0C58196BFD7E00166644 /* UIKit.framework */; };
		144B0C5F196BFD7E00166644 /* InfoPlist.strings in Resources */ = {isa = PBXBuildFile; fileRef = 144B0C5D196BFD7E00166644 /* InfoPlist.strings */; };
		144B0C61196BFD7E00166644 /* main.m in Sources */ = {isa = PBXBuildFile; fileRef = 144B0C60196BFD7E00166644 /* main.m */; };
		144B0C65196BFD7E00166644 /* AppDelegate.m in Sources */ = {isa = PBXBuildFile; fileRef = 144B0C64196BFD7E00166644 /* AppDelegate.m */; };
		144B0C68196BFD7E00166644 /* Main_iPhone.storyboard in Resources */ = {isa = PBXBuildFile; fileRef = 144B0C66196BFD7E00166644 /* Main_iPhone.storyboard */; };
		144B0C6B196BFD7E00166644 /* Main_iPad.storyboard in Resources */ = {isa = PBXBuildFile; fileRef = 144B0C69196BFD7E00166644 /* Main_iPad.storyboard */; };
		144B0C77196BFD7E00166644 /* XCTest.framework in Frameworks */ = {isa = PBXBuildFile; fileRef = 144B0C76196BFD7E00166644 /* XCTest.framework */; };
		144B0C78196BFD7E00166644 /* Foundation.framework in Frameworks */ = {isa = PBXBuildFile; fileRef = 144B0C54196BFD7E00166644 /* Foundation.framework */; };
		144B0C79196BFD7E00166644 /* UIKit.framework in Frameworks */ = {isa = PBXBuildFile; fileRef = 144B0C58196BFD7E00166644 /* UIKit.framework */; };
		144B0C81196BFD7E00166644 /* InfoPlist.strings in Resources */ = {isa = PBXBuildFile; fileRef = 144B0C7F196BFD7E00166644 /* InfoPlist.strings */; };
		144B0C83196BFD7E00166644 /* BabyDiaryTests.m in Sources */ = {isa = PBXBuildFile; fileRef = 144B0C82196BFD7E00166644 /* BabyDiaryTests.m */; };
		144B0C8C196C006B00166644 /* Images.xcassets in Resources */ = {isa = PBXBuildFile; fileRef = 144B0C6F196BFD7E00166644 /* Images.xcassets */; };
		1491F8811985E25E0040CCFE /* NavigationViewController.m in Sources */ = {isa = PBXBuildFile; fileRef = 1491F8801985E25E0040CCFE /* NavigationViewController.m */; };
		14B9FEB019809D0200EB0C75 /* m_auto.h.in in Resources */ = {isa = PBXBuildFile; fileRef = 14B9FE2319809D0200EB0C75 /* m_auto.h.in */; };
		14B9FEB119809D0200EB0C75 /* os_auto.h.in in Resources */ = {isa = PBXBuildFile; fileRef = 14B9FE2B19809D0200EB0C75 /* os_auto.h.in */; };
		14B9FEB219809D0200EB0C75 /* libgoogle.a in Frameworks */ = {isa = PBXBuildFile; fileRef = 14B9FEA619809D0200EB0C75 /* libgoogle.a */; };
		14B9FEB319809D0200EB0C75 /* libp2p-client-license.a in Frameworks */ = {isa = PBXBuildFile; fileRef = 14B9FEA719809D0200EB0C75 /* libp2p-client-license.a */; };
		14B9FEB419809D0200EB0C75 /* libp2p-client.a in Frameworks */ = {isa = PBXBuildFile; fileRef = 14B9FEA819809D0200EB0C75 /* libp2p-client.a */; };
		14B9FEB519809D0200EB0C75 /* libp2p-common.a in Frameworks */ = {isa = PBXBuildFile; fileRef = 14B9FEA919809D0200EB0C75 /* libp2p-common.a */; };
		14B9FEB619809D0200EB0C75 /* libp2p-factory.a in Frameworks */ = {isa = PBXBuildFile; fileRef = 14B9FEAA19809D0200EB0C75 /* libp2p-factory.a */; };
		14B9FEB719809D0200EB0C75 /* libp2p-service-monitor.a in Frameworks */ = {isa = PBXBuildFile; fileRef = 14B9FEAB19809D0200EB0C75 /* libp2p-service-monitor.a */; };
		14B9FEB819809D0200EB0C75 /* libpj-arm-apple-darwin9.a in Frameworks */ = {isa = PBXBuildFile; fileRef = 14B9FEAC19809D0200EB0C75 /* libpj-arm-apple-darwin9.a */; };
		14B9FEB919809D0200EB0C75 /* libpjlib-util-arm-apple-darwin9.a in Frameworks */ = {isa = PBXBuildFile; fileRef = 14B9FEAD19809D0200EB0C75 /* libpjlib-util-arm-apple-darwin9.a */; };
		14B9FEBA19809D0200EB0C75 /* libpjnath-arm-apple-darwin9.a in Frameworks */ = {isa = PBXBuildFile; fileRef = 14B9FEAE19809D0200EB0C75 /* libpjnath-arm-apple-darwin9.a */; };
		14B9FEBB19809D0200EB0C75 /* libpolarssl.a in Frameworks */ = {isa = PBXBuildFile; fileRef = 14B9FEAF19809D0200EB0C75 /* libpolarssl.a */; };
		14B9FEBF19809E3900EB0C75 /* SatManager.mm in Sources */ = {isa = PBXBuildFile; fileRef = 14B9FEBE19809E3900EB0C75 /* SatManager.mm */; };
		14B9FEC119809E6400EB0C75 /* license in Resources */ = {isa = PBXBuildFile; fileRef = 14B9FEC019809E6400EB0C75 /* license */; };
		14B9FEC41980ABCF00EB0C75 /* SatLogin.mm in Sources */ = {isa = PBXBuildFile; fileRef = 14B9FEC31980ABCF00EB0C75 /* SatLogin.mm */; };
		14B9FECA198111AC00EB0C75 /* SatDevice.mm in Sources */ = {isa = PBXBuildFile; fileRef = 14B9FEC9198111AC00EB0C75 /* SatDevice.mm */; };
		14B9FECD19811C6D00EB0C75 /* ContentViewController.m in Sources */ = {isa = PBXBuildFile; fileRef = 14B9FECC19811C6D00EB0C75 /* ContentViewController.m */; };
		14B9FED119811D4100EB0C75 /* LoginViewController.m in Sources */ = {isa = PBXBuildFile; fileRef = 14B9FED019811D4100EB0C75 /* LoginViewController.m */; };
/* End PBXBuildFile section */

/* Begin PBXContainerItemProxy section */
		144B0C7A196BFD7E00166644 /* PBXContainerItemProxy */ = {
			isa = PBXContainerItemProxy;
			containerPortal = 144B0C49196BFD7E00166644 /* Project object */;
			proxyType = 1;
			remoteGlobalIDString = 144B0C50196BFD7E00166644;
			remoteInfo = BabyDiary;
		};
/* End PBXContainerItemProxy section */

/* Begin PBXFileReference section */
		144B0C51196BFD7E00166644 /* BabyDiary.app */ = {isa = PBXFileReference; explicitFileType = wrapper.application; includeInIndex = 0; path = BabyDiary.app; sourceTree = BUILT_PRODUCTS_DIR; };
		144B0C54196BFD7E00166644 /* Foundation.framework */ = {isa = PBXFileReference; lastKnownFileType = wrapper.framework; name = Foundation.framework; path = System/Library/Frameworks/Foundation.framework; sourceTree = SDKROOT; };
		144B0C56196BFD7E00166644 /* CoreGraphics.framework */ = {isa = PBXFileReference; lastKnownFileType = wrapper.framework; name = CoreGraphics.framework; path = System/Library/Frameworks/CoreGraphics.framework; sourceTree = SDKROOT; };
		144B0C58196BFD7E00166644 /* UIKit.framework */ = {isa = PBXFileReference; lastKnownFileType = wrapper.framework; name = UIKit.framework; path = System/Library/Frameworks/UIKit.framework; sourceTree = SDKROOT; };
		144B0C5C196BFD7E00166644 /* BabyDiary-Info.plist */ = {isa = PBXFileReference; lastKnownFileType = text.plist.xml; path = "BabyDiary-Info.plist"; sourceTree = "<group>"; };
		144B0C5E196BFD7E00166644 /* en */ = {isa = PBXFileReference; lastKnownFileType = text.plist.strings; name = en; path = en.lproj/InfoPlist.strings; sourceTree = "<group>"; };
		144B0C60196BFD7E00166644 /* main.m */ = {isa = PBXFileReference; lastKnownFileType = sourcecode.c.objc; path = main.m; sourceTree = "<group>"; };
		144B0C62196BFD7E00166644 /* BabyDiary-Prefix.pch */ = {isa = PBXFileReference; lastKnownFileType = sourcecode.c.h; path = "BabyDiary-Prefix.pch"; sourceTree = "<group>"; };
		144B0C63196BFD7E00166644 /* AppDelegate.h */ = {isa = PBXFileReference; lastKnownFileType = sourcecode.c.h; path = AppDelegate.h; sourceTree = "<group>"; };
		144B0C64196BFD7E00166644 /* AppDelegate.m */ = {isa = PBXFileReference; lastKnownFileType = sourcecode.c.objc; path = AppDelegate.m; sourceTree = "<group>"; };
		144B0C67196BFD7E00166644 /* Base */ = {isa = PBXFileReference; lastKnownFileType = file.storyboard; name = Base; path = Base.lproj/Main_iPhone.storyboard; sourceTree = "<group>"; };
		144B0C6A196BFD7E00166644 /* Base */ = {isa = PBXFileReference; lastKnownFileType = file.storyboard; name = Base; path = Base.lproj/Main_iPad.storyboard; sourceTree = "<group>"; };
		144B0C6F196BFD7E00166644 /* Images.xcassets */ = {isa = PBXFileReference; lastKnownFileType = folder.assetcatalog; path = Images.xcassets; sourceTree = "<group>"; };
		144B0C75196BFD7E00166644 /* BabyDiaryTests.xctest */ = {isa = PBXFileReference; explicitFileType = wrapper.cfbundle; includeInIndex = 0; path = BabyDiaryTests.xctest; sourceTree = BUILT_PRODUCTS_DIR; };
		144B0C76196BFD7E00166644 /* XCTest.framework */ = {isa = PBXFileReference; lastKnownFileType = wrapper.framework; name = XCTest.framework; path = Library/Frameworks/XCTest.framework; sourceTree = DEVELOPER_DIR; };
		144B0C7E196BFD7E00166644 /* BabyDiaryTests-Info.plist */ = {isa = PBXFileReference; lastKnownFileType = text.plist.xml; path = "BabyDiaryTests-Info.plist"; sourceTree = "<group>"; };
		144B0C80196BFD7E00166644 /* en */ = {isa = PBXFileReference; lastKnownFileType = text.plist.strings; name = en; path = en.lproj/InfoPlist.strings; sourceTree = "<group>"; };
		144B0C82196BFD7E00166644 /* BabyDiaryTests.m */ = {isa = PBXFileReference; lastKnownFileType = sourcecode.c.objc; path = BabyDiaryTests.m; sourceTree = "<group>"; };
		1491F87F1985E25E0040CCFE /* NavigationViewController.h */ = {isa = PBXFileReference; fileEncoding = 4; lastKnownFileType = sourcecode.c.h; path = NavigationViewController.h; sourceTree = "<group>"; };
		1491F8801985E25E0040CCFE /* NavigationViewController.m */ = {isa = PBXFileReference; fileEncoding = 4; lastKnownFileType = sourcecode.c.objc; path = NavigationViewController.m; sourceTree = "<group>"; };
		14B9FE0319809D0200EB0C75 /* DeviceEntry.h */ = {isa = PBXFileReference; fileEncoding = 4; lastKnownFileType = sourcecode.c.h; path = DeviceEntry.h; sourceTree = "<group>"; };
		14B9FE0419809D0200EB0C75 /* DeviceEntryRequest.h */ = {isa = PBXFileReference; fileEncoding = 4; lastKnownFileType = sourcecode.c.h; path = DeviceEntryRequest.h; sourceTree = "<group>"; };
		14B9FE0519809D0200EB0C75 /* GoogleDocListBase.h */ = {isa = PBXFileReference; fileEncoding = 4; lastKnownFileType = sourcecode.c.h; path = GoogleDocListBase.h; sourceTree = "<group>"; };
		14B9FE0619809D0200EB0C75 /* GoogleDocListDownloader.h */ = {isa = PBXFileReference; fileEncoding = 4; lastKnownFileType = sourcecode.c.h; path = GoogleDocListDownloader.h; sourceTree = "<group>"; };
		14B9FE0719809D0200EB0C75 /* GoogleDocListEntry.h */ = {isa = PBXFileReference; fileEncoding = 4; lastKnownFileType = sourcecode.c.h; path = GoogleDocListEntry.h; sourceTree = "<group>"; };
		14B9FE0819809D0200EB0C75 /* GoogleDocListUploader.h */ = {isa = PBXFileReference; fileEncoding = 4; lastKnownFileType = sourcecode.c.h; path = GoogleDocListUploader.h; sourceTree = "<group>"; };
		14B9FE0919809D0200EB0C75 /* GoogleOAuth2.h */ = {isa = PBXFileReference; fileEncoding = 4; lastKnownFileType = sourcecode.c.h; path = GoogleOAuth2.h; sourceTree = "<group>"; };
		14B9FE0A19809D0200EB0C75 /* IHTTPWebRequest.h */ = {isa = PBXFileReference; fileEncoding = 4; lastKnownFileType = sourcecode.c.h; path = IHTTPWebRequest.h; sourceTree = "<group>"; };
		14B9FE0B19809D0200EB0C75 /* IP2PLicense.h */ = {isa = PBXFileReference; fileEncoding = 4; lastKnownFileType = sourcecode.c.h; path = IP2PLicense.h; sourceTree = "<group>"; };
		14B9FE0C19809D0200EB0C75 /* IP2PSATRequest.h */ = {isa = PBXFileReference; fileEncoding = 4; lastKnownFileType = sourcecode.c.h; path = IP2PSATRequest.h; sourceTree = "<group>"; };
		14B9FE0D19809D0200EB0C75 /* IP2PServiceMonitor.h */ = {isa = PBXFileReference; fileEncoding = 4; lastKnownFileType = sourcecode.c.h; path = IP2PServiceMonitor.h; sourceTree = "<group>"; };
		14B9FE0E19809D0200EB0C75 /* IP2PTunnel.h */ = {isa = PBXFileReference; fileEncoding = 4; lastKnownFileType = sourcecode.c.h; path = IP2PTunnel.h; sourceTree = "<group>"; };
		14B9FE0F19809D0200EB0C75 /* P2PFactory.h */ = {isa = PBXFileReference; fileEncoding = 4; lastKnownFileType = sourcecode.c.h; path = P2PFactory.h; sourceTree = "<group>"; };
		14B9FE1119809D0200EB0C75 /* activesock.h */ = {isa = PBXFileReference; fileEncoding = 4; lastKnownFileType = sourcecode.c.h; path = activesock.h; sourceTree = "<group>"; };
		14B9FE1219809D0200EB0C75 /* addr_resolv.h */ = {isa = PBXFileReference; fileEncoding = 4; lastKnownFileType = sourcecode.c.h; path = addr_resolv.h; sourceTree = "<group>"; };
		14B9FE1319809D0200EB0C75 /* array.h */ = {isa = PBXFileReference; fileEncoding = 4; lastKnownFileType = sourcecode.c.h; path = array.h; sourceTree = "<group>"; };
		14B9FE1419809D0200EB0C75 /* assert.h */ = {isa = PBXFileReference; fileEncoding = 4; lastKnownFileType = sourcecode.c.h; path = assert.h; sourceTree = "<group>"; };
		14B9FE1619809D0200EB0C75 /* assert.h */ = {isa = PBXFileReference; fileEncoding = 4; lastKnownFileType = sourcecode.c.h; path = assert.h; sourceTree = "<group>"; };
		14B9FE1719809D0200EB0C75 /* cc_armcc.h */ = {isa = PBXFileReference; fileEncoding = 4; lastKnownFileType = sourcecode.c.h; path = cc_armcc.h; sourceTree = "<group>"; };
		14B9FE1819809D0200EB0C75 /* cc_codew.h */ = {isa = PBXFileReference; fileEncoding = 4; lastKnownFileType = sourcecode.c.h; path = cc_codew.h; sourceTree = "<group>"; };
		14B9FE1919809D0200EB0C75 /* cc_gcc.h */ = {isa = PBXFileReference; fileEncoding = 4; lastKnownFileType = sourcecode.c.h; path = cc_gcc.h; sourceTree = "<group>"; };
		14B9FE1A19809D0200EB0C75 /* cc_gcce.h */ = {isa = PBXFileReference; fileEncoding = 4; lastKnownFileType = sourcecode.c.h; path = cc_gcce.h; sourceTree = "<group>"; };
		14B9FE1B19809D0200EB0C75 /* cc_msvc.h */ = {isa = PBXFileReference; fileEncoding = 4; lastKnownFileType = sourcecode.c.h; path = cc_msvc.h; sourceTree = "<group>"; };
		14B9FE1C19809D0200EB0C75 /* cc_mwcc.h */ = {isa = PBXFileReference; fileEncoding = 4; lastKnownFileType = sourcecode.c.h; path = cc_mwcc.h; sourceTree = "<group>"; };
		14B9FE1D19809D0200EB0C75 /* ctype.h */ = {isa = PBXFileReference; fileEncoding = 4; lastKnownFileType = sourcecode.c.h; path = ctype.h; sourceTree = "<group>"; };
		14B9FE1E19809D0200EB0C75 /* errno.h */ = {isa = PBXFileReference; fileEncoding = 4; lastKnownFileType = sourcecode.c.h; path = errno.h; sourceTree = "<group>"; };
		14B9FE1F19809D0200EB0C75 /* high_precision.h */ = {isa = PBXFileReference; fileEncoding = 4; lastKnownFileType = sourcecode.c.h; path = high_precision.h; sourceTree = "<group>"; };
		14B9FE2019809D0200EB0C75 /* m_alpha.h */ = {isa = PBXFileReference; fileEncoding = 4; lastKnownFileType = sourcecode.c.h; path = m_alpha.h; sourceTree = "<group>"; };
		14B9FE2119809D0200EB0C75 /* m_armv4.h */ = {isa = PBXFileReference; fileEncoding = 4; lastKnownFileType = sourcecode.c.h; path = m_armv4.h; sourceTree = "<group>"; };
		14B9FE2219809D0200EB0C75 /* m_auto.h */ = {isa = PBXFileReference; fileEncoding = 4; lastKnownFileType = sourcecode.c.h; path = m_auto.h; sourceTree = "<group>"; };
		14B9FE2319809D0200EB0C75 /* m_auto.h.in */ = {isa = PBXFileReference; fileEncoding = 4; lastKnownFileType = text; path = m_auto.h.in; sourceTree = "<group>"; };
		14B9FE2419809D0200EB0C75 /* m_i386.h */ = {isa = PBXFileReference; fileEncoding = 4; lastKnownFileType = sourcecode.c.h; path = m_i386.h; sourceTree = "<group>"; };
		14B9FE2519809D0200EB0C75 /* m_m68k.h */ = {isa = PBXFileReference; fileEncoding = 4; lastKnownFileType = sourcecode.c.h; path = m_m68k.h; sourceTree = "<group>"; };
		14B9FE2619809D0200EB0C75 /* m_powerpc.h */ = {isa = PBXFileReference; fileEncoding = 4; lastKnownFileType = sourcecode.c.h; path = m_powerpc.h; sourceTree = "<group>"; };
		14B9FE2719809D0200EB0C75 /* m_sparc.h */ = {isa = PBXFileReference; fileEncoding = 4; lastKnownFileType = sourcecode.c.h; path = m_sparc.h; sourceTree = "<group>"; };
		14B9FE2819809D0200EB0C75 /* m_x86_64.h */ = {isa = PBXFileReference; fileEncoding = 4; lastKnownFileType = sourcecode.c.h; path = m_x86_64.h; sourceTree = "<group>"; };
		14B9FE2919809D0200EB0C75 /* malloc.h */ = {isa = PBXFileReference; fileEncoding = 4; lastKnownFileType = sourcecode.c.h; path = malloc.h; sourceTree = "<group>"; };
		14B9FE2A19809D0200EB0C75 /* os_auto.h */ = {isa = PBXFileReference; fileEncoding = 4; lastKnownFileType = sourcecode.c.h; path = os_auto.h; sourceTree = "<group>"; };
		14B9FE2B19809D0200EB0C75 /* os_auto.h.in */ = {isa = PBXFileReference; fileEncoding = 4; lastKnownFileType = text; path = os_auto.h.in; sourceTree = "<group>"; };
		14B9FE2C19809D0200EB0C75 /* os_darwinos.h */ = {isa = PBXFileReference; fileEncoding = 4; lastKnownFileType = sourcecode.c.h; path = os_darwinos.h; sourceTree = "<group>"; };
		14B9FE2D19809D0200EB0C75 /* os_linux.h */ = {isa = PBXFileReference; fileEncoding = 4; lastKnownFileType = sourcecode.c.h; path = os_linux.h; sourceTree = "<group>"; };
		14B9FE2E19809D0200EB0C75 /* os_linux_kernel.h */ = {isa = PBXFileReference; fileEncoding = 4; lastKnownFileType = sourcecode.c.h; path = os_linux_kernel.h; sourceTree = "<group>"; };
		14B9FE2F19809D0200EB0C75 /* os_palmos.h */ = {isa = PBXFileReference; fileEncoding = 4; lastKnownFileType = sourcecode.c.h; path = os_palmos.h; sourceTree = "<group>"; };
		14B9FE3019809D0200EB0C75 /* os_rtems.h */ = {isa = PBXFileReference; fileEncoding = 4; lastKnownFileType = sourcecode.c.h; path = os_rtems.h; sourceTree = "<group>"; };
		14B9FE3119809D0200EB0C75 /* os_sunos.h */ = {isa = PBXFileReference; fileEncoding = 4; lastKnownFileType = sourcecode.c.h; path = os_sunos.h; sourceTree = "<group>"; };
		14B9FE3219809D0200EB0C75 /* os_symbian.h */ = {isa = PBXFileReference; fileEncoding = 4; lastKnownFileType = sourcecode.c.h; path = os_symbian.h; sourceTree = "<group>"; };
		14B9FE3319809D0200EB0C75 /* os_win32.h */ = {isa = PBXFileReference; fileEncoding = 4; lastKnownFileType = sourcecode.c.h; path = os_win32.h; sourceTree = "<group>"; };
		14B9FE3419809D0200EB0C75 /* os_win32_wince.h */ = {isa = PBXFileReference; fileEncoding = 4; lastKnownFileType = sourcecode.c.h; path = os_win32_wince.h; sourceTree = "<group>"; };
		14B9FE3519809D0200EB0C75 /* rand.h */ = {isa = PBXFileReference; fileEncoding = 4; lastKnownFileType = sourcecode.c.h; path = rand.h; sourceTree = "<group>"; };
		14B9FE3619809D0200EB0C75 /* setjmp.h */ = {isa = PBXFileReference; fileEncoding = 4; lastKnownFileType = sourcecode.c.h; path = setjmp.h; sourceTree = "<group>"; };
		14B9FE3719809D0200EB0C75 /* size_t.h */ = {isa = PBXFileReference; fileEncoding = 4; lastKnownFileType = sourcecode.c.h; path = size_t.h; sourceTree = "<group>"; };
		14B9FE3819809D0200EB0C75 /* socket.h */ = {isa = PBXFileReference; fileEncoding = 4; lastKnownFileType = sourcecode.c.h; path = socket.h; sourceTree = "<group>"; };
		14B9FE3919809D0200EB0C75 /* stdarg.h */ = {isa = PBXFileReference; fileEncoding = 4; lastKnownFileType = sourcecode.c.h; path = stdarg.h; sourceTree = "<group>"; };
		14B9FE3A19809D0200EB0C75 /* stdfileio.h */ = {isa = PBXFileReference; fileEncoding = 4; lastKnownFileType = sourcecode.c.h; path = stdfileio.h; sourceTree = "<group>"; };
		14B9FE3B19809D0200EB0C75 /* string.h */ = {isa = PBXFileReference; fileEncoding = 4; lastKnownFileType = sourcecode.c.h; path = string.h; sourceTree = "<group>"; };
		14B9FE3C19809D0200EB0C75 /* time.h */ = {isa = PBXFileReference; fileEncoding = 4; lastKnownFileType = sourcecode.c.h; path = time.h; sourceTree = "<group>"; };
		14B9FE3D19809D0200EB0C75 /* config.h */ = {isa = PBXFileReference; fileEncoding = 4; lastKnownFileType = sourcecode.c.h; path = config.h; sourceTree = "<group>"; };
		14B9FE3E19809D0200EB0C75 /* config_site.h */ = {isa = PBXFileReference; fileEncoding = 4; lastKnownFileType = sourcecode.c.h; path = config_site.h; sourceTree = "<group>"; };
		14B9FE3F19809D0200EB0C75 /* config_site_sample.h */ = {isa = PBXFileReference; fileEncoding = 4; lastKnownFileType = sourcecode.c.h; path = config_site_sample.h; sourceTree = "<group>"; };
		14B9FE4019809D0200EB0C75 /* ctype.h */ = {isa = PBXFileReference; fileEncoding = 4; lastKnownFileType = sourcecode.c.h; path = ctype.h; sourceTree = "<group>"; };
		14B9FE4119809D0200EB0C75 /* doxygen.h */ = {isa = PBXFileReference; fileEncoding = 4; lastKnownFileType = sourcecode.c.h; path = doxygen.h; sourceTree = "<group>"; };
		14B9FE4219809D0200EB0C75 /* errno.h */ = {isa = PBXFileReference; fileEncoding = 4; lastKnownFileType = sourcecode.c.h; path = errno.h; sourceTree = "<group>"; };
		14B9FE4319809D0200EB0C75 /* except.h */ = {isa = PBXFileReference; fileEncoding = 4; lastKnownFileType = sourcecode.c.h; path = except.h; sourceTree = "<group>"; };
		14B9FE4419809D0200EB0C75 /* fifobuf.h */ = {isa = PBXFileReference; fileEncoding = 4; lastKnownFileType = sourcecode.c.h; path = fifobuf.h; sourceTree = "<group>"; };
		14B9FE4519809D0200EB0C75 /* file_access.h */ = {isa = PBXFileReference; fileEncoding = 4; lastKnownFileType = sourcecode.c.h; path = file_access.h; sourceTree = "<group>"; };
		14B9FE4619809D0200EB0C75 /* file_io.h */ = {isa = PBXFileReference; fileEncoding = 4; lastKnownFileType = sourcecode.c.h; path = file_io.h; sourceTree = "<group>"; };
		14B9FE4719809D0200EB0C75 /* guid.h */ = {isa = PBXFileReference; fileEncoding = 4; lastKnownFileType = sourcecode.c.h; path = guid.h; sourceTree = "<group>"; };
		14B9FE4819809D0200EB0C75 /* hash.h */ = {isa = PBXFileReference; fileEncoding = 4; lastKnownFileType = sourcecode.c.h; path = hash.h; sourceTree = "<group>"; };
		14B9FE4919809D0200EB0C75 /* ioqueue.h */ = {isa = PBXFileReference; fileEncoding = 4; lastKnownFileType = sourcecode.c.h; path = ioqueue.h; sourceTree = "<group>"; };
		14B9FE4A19809D0200EB0C75 /* ip_helper.h */ = {isa = PBXFileReference; fileEncoding = 4; lastKnownFileType = sourcecode.c.h; path = ip_helper.h; sourceTree = "<group>"; };
		14B9FE4B19809D0200EB0C75 /* list.h */ = {isa = PBXFileReference; fileEncoding = 4; lastKnownFileType = sourcecode.c.h; path = list.h; sourceTree = "<group>"; };
		14B9FE4C19809D0200EB0C75 /* list_i.h */ = {isa = PBXFileReference; fileEncoding = 4; lastKnownFileType = sourcecode.c.h; path = list_i.h; sourceTree = "<group>"; };
		14B9FE4D19809D0200EB0C75 /* lock.h */ = {isa = PBXFileReference; fileEncoding = 4; lastKnownFileType = sourcecode.c.h; path = lock.h; sourceTree = "<group>"; };
		14B9FE4E19809D0200EB0C75 /* log.h */ = {isa = PBXFileReference; fileEncoding = 4; lastKnownFileType = sourcecode.c.h; path = log.h; sourceTree = "<group>"; };
		14B9FE4F19809D0200EB0C75 /* math.h */ = {isa = PBXFileReference; fileEncoding = 4; lastKnownFileType = sourcecode.c.h; path = math.h; sourceTree = "<group>"; };
		14B9FE5019809D0200EB0C75 /* os.h */ = {isa = PBXFileReference; fileEncoding = 4; lastKnownFileType = sourcecode.c.h; path = os.h; sourceTree = "<group>"; };
		14B9FE5119809D0200EB0C75 /* pool.h */ = {isa = PBXFileReference; fileEncoding = 4; lastKnownFileType = sourcecode.c.h; path = pool.h; sourceTree = "<group>"; };
		14B9FE5219809D0200EB0C75 /* pool_alt.h */ = {isa = PBXFileReference; fileEncoding = 4; lastKnownFileType = sourcecode.c.h; path = pool_alt.h; sourceTree = "<group>"; };
		14B9FE5319809D0200EB0C75 /* pool_buf.h */ = {isa = PBXFileReference; fileEncoding = 4; lastKnownFileType = sourcecode.c.h; path = pool_buf.h; sourceTree = "<group>"; };
		14B9FE5419809D0200EB0C75 /* pool_i.h */ = {isa = PBXFileReference; fileEncoding = 4; lastKnownFileType = sourcecode.c.h; path = pool_i.h; sourceTree = "<group>"; };
		14B9FE5519809D0200EB0C75 /* rand.h */ = {isa = PBXFileReference; fileEncoding = 4; lastKnownFileType = sourcecode.c.h; path = rand.h; sourceTree = "<group>"; };
		14B9FE5619809D0200EB0C75 /* rbtree.h */ = {isa = PBXFileReference; fileEncoding = 4; lastKnownFileType = sourcecode.c.h; path = rbtree.h; sourceTree = "<group>"; };
		14B9FE5719809D0200EB0C75 /* sock.h */ = {isa = PBXFileReference; fileEncoding = 4; lastKnownFileType = sourcecode.c.h; path = sock.h; sourceTree = "<group>"; };
		14B9FE5819809D0200EB0C75 /* sock_qos.h */ = {isa = PBXFileReference; fileEncoding = 4; lastKnownFileType = sourcecode.c.h; path = sock_qos.h; sourceTree = "<group>"; };
		14B9FE5919809D0200EB0C75 /* sock_select.h */ = {isa = PBXFileReference; fileEncoding = 4; lastKnownFileType = sourcecode.c.h; path = sock_select.h; sourceTree = "<group>"; };
		14B9FE5A19809D0200EB0C75 /* ssl_sock.h */ = {isa = PBXFileReference; fileEncoding = 4; lastKnownFileType = sourcecode.c.h; path = ssl_sock.h; sourceTree = "<group>"; };
		14B9FE5B19809D0200EB0C75 /* string.h */ = {isa = PBXFileReference; fileEncoding = 4; lastKnownFileType = sourcecode.c.h; path = string.h; sourceTree = "<group>"; };
		14B9FE5C19809D0200EB0C75 /* string_i.h */ = {isa = PBXFileReference; fileEncoding = 4; lastKnownFileType = sourcecode.c.h; path = string_i.h; sourceTree = "<group>"; };
		14B9FE5D19809D0200EB0C75 /* timer.h */ = {isa = PBXFileReference; fileEncoding = 4; lastKnownFileType = sourcecode.c.h; path = timer.h; sourceTree = "<group>"; };
		14B9FE5E19809D0200EB0C75 /* types.h */ = {isa = PBXFileReference; fileEncoding = 4; lastKnownFileType = sourcecode.c.h; path = types.h; sourceTree = "<group>"; };
		14B9FE5F19809D0200EB0C75 /* unicode.h */ = {isa = PBXFileReference; fileEncoding = 4; lastKnownFileType = sourcecode.c.h; path = unicode.h; sourceTree = "<group>"; };
		14B9FE6119809D0200EB0C75 /* file.hpp */ = {isa = PBXFileReference; fileEncoding = 4; lastKnownFileType = sourcecode.cpp.h; path = file.hpp; sourceTree = "<group>"; };
		14B9FE6219809D0200EB0C75 /* hash.hpp */ = {isa = PBXFileReference; fileEncoding = 4; lastKnownFileType = sourcecode.cpp.h; path = hash.hpp; sourceTree = "<group>"; };
		14B9FE6319809D0200EB0C75 /* list.hpp */ = {isa = PBXFileReference; fileEncoding = 4; lastKnownFileType = sourcecode.cpp.h; path = list.hpp; sourceTree = "<group>"; };
		14B9FE6419809D0200EB0C75 /* lock.hpp */ = {isa = PBXFileReference; fileEncoding = 4; lastKnownFileType = sourcecode.cpp.h; path = lock.hpp; sourceTree = "<group>"; };
		14B9FE6519809D0200EB0C75 /* os.hpp */ = {isa = PBXFileReference; fileEncoding = 4; lastKnownFileType = sourcecode.cpp.h; path = os.hpp; sourceTree = "<group>"; };
		14B9FE6619809D0200EB0C75 /* pool.hpp */ = {isa = PBXFileReference; fileEncoding = 4; lastKnownFileType = sourcecode.cpp.h; path = pool.hpp; sourceTree = "<group>"; };
		14B9FE6719809D0200EB0C75 /* proactor.hpp */ = {isa = PBXFileReference; fileEncoding = 4; lastKnownFileType = sourcecode.cpp.h; path = proactor.hpp; sourceTree = "<group>"; };
		14B9FE6819809D0200EB0C75 /* scanner.hpp */ = {isa = PBXFileReference; fileEncoding = 4; lastKnownFileType = sourcecode.cpp.h; path = scanner.hpp; sourceTree = "<group>"; };
		14B9FE6919809D0200EB0C75 /* sock.hpp */ = {isa = PBXFileReference; fileEncoding = 4; lastKnownFileType = sourcecode.cpp.h; path = sock.hpp; sourceTree = "<group>"; };
		14B9FE6A19809D0200EB0C75 /* string.hpp */ = {isa = PBXFileReference; fileEncoding = 4; lastKnownFileType = sourcecode.cpp.h; path = string.hpp; sourceTree = "<group>"; };
		14B9FE6B19809D0200EB0C75 /* timer.hpp */ = {isa = PBXFileReference; fileEncoding = 4; lastKnownFileType = sourcecode.cpp.h; path = timer.hpp; sourceTree = "<group>"; };
		14B9FE6C19809D0200EB0C75 /* tree.hpp */ = {isa = PBXFileReference; fileEncoding = 4; lastKnownFileType = sourcecode.cpp.h; path = tree.hpp; sourceTree = "<group>"; };
		14B9FE6D19809D0200EB0C75 /* types.hpp */ = {isa = PBXFileReference; fileEncoding = 4; lastKnownFileType = sourcecode.cpp.h; path = types.hpp; sourceTree = "<group>"; };
		14B9FE6E19809D0200EB0C75 /* pjlib++.hpp */ = {isa = PBXFileReference; fileEncoding = 4; lastKnownFileType = sourcecode.cpp.h; path = "pjlib++.hpp"; sourceTree = "<group>"; };
		14B9FE7019809D0200EB0C75 /* base64.h */ = {isa = PBXFileReference; fileEncoding = 4; lastKnownFileType = sourcecode.c.h; path = base64.h; sourceTree = "<group>"; };
		14B9FE7119809D0200EB0C75 /* config.h */ = {isa = PBXFileReference; fileEncoding = 4; lastKnownFileType = sourcecode.c.h; path = config.h; sourceTree = "<group>"; };
		14B9FE7219809D0200EB0C75 /* crc32.h */ = {isa = PBXFileReference; fileEncoding = 4; lastKnownFileType = sourcecode.c.h; path = crc32.h; sourceTree = "<group>"; };
		14B9FE7319809D0200EB0C75 /* dns.h */ = {isa = PBXFileReference; fileEncoding = 4; lastKnownFileType = sourcecode.c.h; path = dns.h; sourceTree = "<group>"; };
		14B9FE7419809D0200EB0C75 /* dns_server.h */ = {isa = PBXFileReference; fileEncoding = 4; lastKnownFileType = sourcecode.c.h; path = dns_server.h; sourceTree = "<group>"; };
		14B9FE7519809D0200EB0C75 /* errno.h */ = {isa = PBXFileReference; fileEncoding = 4; lastKnownFileType = sourcecode.c.h; path = errno.h; sourceTree = "<group>"; };
		14B9FE7619809D0200EB0C75 /* getopt.h */ = {isa = PBXFileReference; fileEncoding = 4; lastKnownFileType = sourcecode.c.h; path = getopt.h; sourceTree = "<group>"; };
		14B9FE7719809D0200EB0C75 /* hmac_md5.h */ = {isa = PBXFileReference; fileEncoding = 4; lastKnownFileType = sourcecode.c.h; path = hmac_md5.h; sourceTree = "<group>"; };
		14B9FE7819809D0200EB0C75 /* hmac_sha1.h */ = {isa = PBXFileReference; fileEncoding = 4; lastKnownFileType = sourcecode.c.h; path = hmac_sha1.h; sourceTree = "<group>"; };
		14B9FE7919809D0200EB0C75 /* http_client.h */ = {isa = PBXFileReference; fileEncoding = 4; lastKnownFileType = sourcecode.c.h; path = http_client.h; sourceTree = "<group>"; };
		14B9FE7A19809D0200EB0C75 /* md5.h */ = {isa = PBXFileReference; fileEncoding = 4; lastKnownFileType = sourcecode.c.h; path = md5.h; sourceTree = "<group>"; };
		14B9FE7B19809D0200EB0C75 /* pcap.h */ = {isa = PBXFileReference; fileEncoding = 4; lastKnownFileType = sourcecode.c.h; path = pcap.h; sourceTree = "<group>"; };
		14B9FE7C19809D0200EB0C75 /* resolver.h */ = {isa = PBXFileReference; fileEncoding = 4; lastKnownFileType = sourcecode.c.h; path = resolver.h; sourceTree = "<group>"; };
		14B9FE7D19809D0200EB0C75 /* scanner.h */ = {isa = PBXFileReference; fileEncoding = 4; lastKnownFileType = sourcecode.c.h; path = scanner.h; sourceTree = "<group>"; };
		14B9FE7E19809D0200EB0C75 /* scanner_cis_bitwise.h */ = {isa = PBXFileReference; fileEncoding = 4; lastKnownFileType = sourcecode.c.h; path = scanner_cis_bitwise.h; sourceTree = "<group>"; };
		14B9FE7F19809D0200EB0C75 /* scanner_cis_uint.h */ = {isa = PBXFileReference; fileEncoding = 4; lastKnownFileType = sourcecode.c.h; path = scanner_cis_uint.h; sourceTree = "<group>"; };
		14B9FE8019809D0200EB0C75 /* sha1.h */ = {isa = PBXFileReference; fileEncoding = 4; lastKnownFileType = sourcecode.c.h; path = sha1.h; sourceTree = "<group>"; };
		14B9FE8119809D0200EB0C75 /* srv_resolver.h */ = {isa = PBXFileReference; fileEncoding = 4; lastKnownFileType = sourcecode.c.h; path = srv_resolver.h; sourceTree = "<group>"; };
		14B9FE8219809D0200EB0C75 /* string.h */ = {isa = PBXFileReference; fileEncoding = 4; lastKnownFileType = sourcecode.c.h; path = string.h; sourceTree = "<group>"; };
		14B9FE8319809D0200EB0C75 /* stun_simple.h */ = {isa = PBXFileReference; fileEncoding = 4; lastKnownFileType = sourcecode.c.h; path = stun_simple.h; sourceTree = "<group>"; };
		14B9FE8419809D0200EB0C75 /* types.h */ = {isa = PBXFileReference; fileEncoding = 4; lastKnownFileType = sourcecode.c.h; path = types.h; sourceTree = "<group>"; };
		14B9FE8519809D0200EB0C75 /* xml.h */ = {isa = PBXFileReference; fileEncoding = 4; lastKnownFileType = sourcecode.c.h; path = xml.h; sourceTree = "<group>"; };
		14B9FE8619809D0200EB0C75 /* pjlib-util.h */ = {isa = PBXFileReference; fileEncoding = 4; lastKnownFileType = sourcecode.c.h; path = "pjlib-util.h"; sourceTree = "<group>"; };
		14B9FE8719809D0200EB0C75 /* pjlib.h */ = {isa = PBXFileReference; fileEncoding = 4; lastKnownFileType = sourcecode.c.h; path = pjlib.h; sourceTree = "<group>"; };
		14B9FE8919809D0200EB0C75 /* config.h */ = {isa = PBXFileReference; fileEncoding = 4; lastKnownFileType = sourcecode.c.h; path = config.h; sourceTree = "<group>"; };
		14B9FE8A19809D0200EB0C75 /* errno.h */ = {isa = PBXFileReference; fileEncoding = 4; lastKnownFileType = sourcecode.c.h; path = errno.h; sourceTree = "<group>"; };
		14B9FE8B19809D0200EB0C75 /* ice_session.h */ = {isa = PBXFileReference; fileEncoding = 4; lastKnownFileType = sourcecode.c.h; path = ice_session.h; sourceTree = "<group>"; };
		14B9FE8C19809D0200EB0C75 /* ice_strans.h */ = {isa = PBXFileReference; fileEncoding = 4; lastKnownFileType = sourcecode.c.h; path = ice_strans.h; sourceTree = "<group>"; };
		14B9FE8D19809D0200EB0C75 /* nat_detect.h */ = {isa = PBXFileReference; fileEncoding = 4; lastKnownFileType = sourcecode.c.h; path = nat_detect.h; sourceTree = "<group>"; };
		14B9FE8E19809D0200EB0C75 /* stun_auth.h */ = {isa = PBXFileReference; fileEncoding = 4; lastKnownFileType = sourcecode.c.h; path = stun_auth.h; sourceTree = "<group>"; };
		14B9FE8F19809D0200EB0C75 /* stun_config.h */ = {isa = PBXFileReference; fileEncoding = 4; lastKnownFileType = sourcecode.c.h; path = stun_config.h; sourceTree = "<group>"; };
		14B9FE9019809D0200EB0C75 /* stun_msg.h */ = {isa = PBXFileReference; fileEncoding = 4; lastKnownFileType = sourcecode.c.h; path = stun_msg.h; sourceTree = "<group>"; };
		14B9FE9119809D0200EB0C75 /* stun_session.h */ = {isa = PBXFileReference; fileEncoding = 4; lastKnownFileType = sourcecode.c.h; path = stun_session.h; sourceTree = "<group>"; };
		14B9FE9219809D0200EB0C75 /* stun_sock.h */ = {isa = PBXFileReference; fileEncoding = 4; lastKnownFileType = sourcecode.c.h; path = stun_sock.h; sourceTree = "<group>"; };
		14B9FE9319809D0200EB0C75 /* stun_transaction.h */ = {isa = PBXFileReference; fileEncoding = 4; lastKnownFileType = sourcecode.c.h; path = stun_transaction.h; sourceTree = "<group>"; };
		14B9FE9419809D0200EB0C75 /* turn_session.h */ = {isa = PBXFileReference; fileEncoding = 4; lastKnownFileType = sourcecode.c.h; path = turn_session.h; sourceTree = "<group>"; };
		14B9FE9519809D0200EB0C75 /* turn_sock.h */ = {isa = PBXFileReference; fileEncoding = 4; lastKnownFileType = sourcecode.c.h; path = turn_sock.h; sourceTree = "<group>"; };
		14B9FE9619809D0200EB0C75 /* types.h */ = {isa = PBXFileReference; fileEncoding = 4; lastKnownFileType = sourcecode.c.h; path = types.h; sourceTree = "<group>"; };
		14B9FE9719809D0200EB0C75 /* pjnath.h */ = {isa = PBXFileReference; fileEncoding = 4; lastKnownFileType = sourcecode.c.h; path = pjnath.h; sourceTree = "<group>"; };
		14B9FE9819809D0200EB0C75 /* sat_sdk_lib_client.h */ = {isa = PBXFileReference; fileEncoding = 4; lastKnownFileType = sourcecode.c.h; path = sat_sdk_lib_client.h; sourceTree = "<group>"; };
		14B9FE9919809D0200EB0C75 /* sat_sdk_lib_config.h */ = {isa = PBXFileReference; fileEncoding = 4; lastKnownFileType = sourcecode.c.h; path = sat_sdk_lib_config.h; sourceTree = "<group>"; };
		14B9FE9A19809D0200EB0C75 /* sat_sdk_lib_debug.h */ = {isa = PBXFileReference; fileEncoding = 4; lastKnownFileType = sourcecode.c.h; path = sat_sdk_lib_debug.h; sourceTree = "<group>"; };
		14B9FE9B19809D0200EB0C75 /* sat_sdk_lib_enum.h */ = {isa = PBXFileReference; fileEncoding = 4; lastKnownFileType = sourcecode.c.h; path = sat_sdk_lib_enum.h; sourceTree = "<group>"; };
		14B9FE9C19809D0200EB0C75 /* sat_sdk_lib_license.h */ = {isa = PBXFileReference; fileEncoding = 4; lastKnownFileType = sourcecode.c.h; path = sat_sdk_lib_license.h; sourceTree = "<group>"; };
		14B9FE9D19809D0200EB0C75 /* sat_sdk_lib_module_config.h */ = {isa = PBXFileReference; fileEncoding = 4; lastKnownFileType = sourcecode.c.h; path = sat_sdk_lib_module_config.h; sourceTree = "<group>"; };
		14B9FE9E19809D0200EB0C75 /* sat_sdk_lib_platform.h */ = {isa = PBXFileReference; fileEncoding = 4; lastKnownFileType = sourcecode.c.h; path = sat_sdk_lib_platform.h; sourceTree = "<group>"; };
		14B9FE9F19809D0200EB0C75 /* sat_sdk_lib_return_code.h */ = {isa = PBXFileReference; fileEncoding = 4; lastKnownFileType = sourcecode.c.h; path = sat_sdk_lib_return_code.h; sourceTree = "<group>"; };
		14B9FEA019809D0200EB0C75 /* sat_sdk_lib_structure.h */ = {isa = PBXFileReference; fileEncoding = 4; lastKnownFileType = sourcecode.c.h; path = sat_sdk_lib_structure.h; sourceTree = "<group>"; };
		14B9FEA219809D0200EB0C75 /* pthread.h */ = {isa = PBXFileReference; fileEncoding = 4; lastKnownFileType = sourcecode.c.h; path = pthread.h; sourceTree = "<group>"; };
		14B9FEA319809D0200EB0C75 /* sched.h */ = {isa = PBXFileReference; fileEncoding = 4; lastKnownFileType = sourcecode.c.h; path = sched.h; sourceTree = "<group>"; };
		14B9FEA419809D0200EB0C75 /* semaphore.h */ = {isa = PBXFileReference; fileEncoding = 4; lastKnownFileType = sourcecode.c.h; path = semaphore.h; sourceTree = "<group>"; };
		14B9FEA619809D0200EB0C75 /* libgoogle.a */ = {isa = PBXFileReference; lastKnownFileType = archive.ar; path = libgoogle.a; sourceTree = "<group>"; };
		14B9FEA719809D0200EB0C75 /* libp2p-client-license.a */ = {isa = PBXFileReference; lastKnownFileType = archive.ar; path = "libp2p-client-license.a"; sourceTree = "<group>"; };
		14B9FEA819809D0200EB0C75 /* libp2p-client.a */ = {isa = PBXFileReference; lastKnownFileType = archive.ar; path = "libp2p-client.a"; sourceTree = "<group>"; };
		14B9FEA919809D0200EB0C75 /* libp2p-common.a */ = {isa = PBXFileReference; lastKnownFileType = archive.ar; path = "libp2p-common.a"; sourceTree = "<group>"; };
		14B9FEAA19809D0200EB0C75 /* libp2p-factory.a */ = {isa = PBXFileReference; lastKnownFileType = archive.ar; path = "libp2p-factory.a"; sourceTree = "<group>"; };
		14B9FEAB19809D0200EB0C75 /* libp2p-service-monitor.a */ = {isa = PBXFileReference; lastKnownFileType = archive.ar; path = "libp2p-service-monitor.a"; sourceTree = "<group>"; };
		14B9FEAC19809D0200EB0C75 /* libpj-arm-apple-darwin9.a */ = {isa = PBXFileReference; lastKnownFileType = archive.ar; path = "libpj-arm-apple-darwin9.a"; sourceTree = "<group>"; };
		14B9FEAD19809D0200EB0C75 /* libpjlib-util-arm-apple-darwin9.a */ = {isa = PBXFileReference; lastKnownFileType = archive.ar; path = "libpjlib-util-arm-apple-darwin9.a"; sourceTree = "<group>"; };
		14B9FEAE19809D0200EB0C75 /* libpjnath-arm-apple-darwin9.a */ = {isa = PBXFileReference; lastKnownFileType = archive.ar; path = "libpjnath-arm-apple-darwin9.a"; sourceTree = "<group>"; };
		14B9FEAF19809D0200EB0C75 /* libpolarssl.a */ = {isa = PBXFileReference; lastKnownFileType = archive.ar; path = libpolarssl.a; sourceTree = "<group>"; };
		14B9FEBD19809E3900EB0C75 /* SatManager.h */ = {isa = PBXFileReference; fileEncoding = 4; lastKnownFileType = sourcecode.c.h; name = SatManager.h; path = SatManager/SatManager.h; sourceTree = "<group>"; };
		14B9FEBE19809E3900EB0C75 /* SatManager.mm */ = {isa = PBXFileReference; fileEncoding = 4; lastKnownFileType = sourcecode.cpp.objcpp; name = SatManager.mm; path = SatManager/SatManager.mm; sourceTree = "<group>"; };
		14B9FEC019809E6400EB0C75 /* license */ = {isa = PBXFileReference; lastKnownFileType = file; path = license; sourceTree = "<group>"; };
		14B9FEC21980ABCF00EB0C75 /* SatLogin.h */ = {isa = PBXFileReference; fileEncoding = 4; lastKnownFileType = sourcecode.c.h; path = SatLogin.h; sourceTree = "<group>"; };
		14B9FEC31980ABCF00EB0C75 /* SatLogin.mm */ = {isa = PBXFileReference; fileEncoding = 4; lastKnownFileType = sourcecode.cpp.objcpp; path = SatLogin.mm; sourceTree = "<group>"; };
		14B9FEC8198111AC00EB0C75 /* SatDevice.h */ = {isa = PBXFileReference; fileEncoding = 4; lastKnownFileType = sourcecode.c.h; name = SatDevice.h; path = SatManager/SatDevice.h; sourceTree = "<group>"; };
		14B9FEC9198111AC00EB0C75 /* SatDevice.mm */ = {isa = PBXFileReference; fileEncoding = 4; lastKnownFileType = sourcecode.cpp.objcpp; name = SatDevice.mm; path = SatManager/SatDevice.mm; sourceTree = "<group>"; };
		14B9FECB19811C6D00EB0C75 /* ContentViewController.h */ = {isa = PBXFileReference; fileEncoding = 4; lastKnownFileType = sourcecode.c.h; name = ContentViewController.h; path = ViewController/ContentViewController.h; sourceTree = "<group>"; };
		14B9FECC19811C6D00EB0C75 /* ContentViewController.m */ = {isa = PBXFileReference; fileEncoding = 4; lastKnownFileType = sourcecode.c.objc; name = ContentViewController.m; path = ViewController/ContentViewController.m; sourceTree = "<group>"; };
		14B9FECF19811D4100EB0C75 /* LoginViewController.h */ = {isa = PBXFileReference; fileEncoding = 4; lastKnownFileType = sourcecode.c.h; name = LoginViewController.h; path = ViewController/LoginViewController.h; sourceTree = "<group>"; };
		14B9FED019811D4100EB0C75 /* LoginViewController.m */ = {isa = PBXFileReference; fileEncoding = 4; lastKnownFileType = sourcecode.c.objc; name = LoginViewController.m; path = ViewController/LoginViewController.m; sourceTree = "<group>"; };
/* End PBXFileReference section */

/* Begin PBXFrameworksBuildPhase section */
		144B0C4E196BFD7E00166644 /* Frameworks */ = {
			isa = PBXFrameworksBuildPhase;
			buildActionMask = 2147483647;
			files = (
				14B9FEB719809D0200EB0C75 /* libp2p-service-monitor.a in Frameworks */,
				144B0C57196BFD7E00166644 /* CoreGraphics.framework in Frameworks */,
				14B9FEBB19809D0200EB0C75 /* libpolarssl.a in Frameworks */,
				14B9FEB919809D0200EB0C75 /* libpjlib-util-arm-apple-darwin9.a in Frameworks */,
				14B9FEB419809D0200EB0C75 /* libp2p-client.a in Frameworks */,
				144B0C59196BFD7E00166644 /* UIKit.framework in Frameworks */,
				14B9FEB819809D0200EB0C75 /* libpj-arm-apple-darwin9.a in Frameworks */,
				14B9FEB219809D0200EB0C75 /* libgoogle.a in Frameworks */,
				14B9FEBA19809D0200EB0C75 /* libpjnath-arm-apple-darwin9.a in Frameworks */,
				14B9FEB319809D0200EB0C75 /* libp2p-client-license.a in Frameworks */,
				14B9FEB619809D0200EB0C75 /* libp2p-factory.a in Frameworks */,
				144B0C55196BFD7E00166644 /* Foundation.framework in Frameworks */,
				14B9FEB519809D0200EB0C75 /* libp2p-common.a in Frameworks */,
			);
			runOnlyForDeploymentPostprocessing = 0;
		};
		144B0C72196BFD7E00166644 /* Frameworks */ = {
			isa = PBXFrameworksBuildPhase;
			buildActionMask = 2147483647;
			files = (
				144B0C77196BFD7E00166644 /* XCTest.framework in Frameworks */,
				144B0C79196BFD7E00166644 /* UIKit.framework in Frameworks */,
				144B0C78196BFD7E00166644 /* Foundation.framework in Frameworks */,
			);
			runOnlyForDeploymentPostprocessing = 0;
		};
/* End PBXFrameworksBuildPhase section */

/* Begin PBXGroup section */
		144B0C48196BFD7E00166644 = {
			isa = PBXGroup;
			children = (
				14B9FDFF19809CEE00EB0C75 /* extra */,
				144B0C5A196BFD7E00166644 /* BabyDiary */,
				144B0C7C196BFD7E00166644 /* BabyDiaryTests */,
				144B0C53196BFD7E00166644 /* Frameworks */,
				144B0C52196BFD7E00166644 /* Products */,
			);
			sourceTree = "<group>";
		};
		144B0C52196BFD7E00166644 /* Products */ = {
			isa = PBXGroup;
			children = (
				144B0C51196BFD7E00166644 /* BabyDiary.app */,
				144B0C75196BFD7E00166644 /* BabyDiaryTests.xctest */,
			);
			name = Products;
			sourceTree = "<group>";
		};
		144B0C53196BFD7E00166644 /* Frameworks */ = {
			isa = PBXGroup;
			children = (
				144B0C54196BFD7E00166644 /* Foundation.framework */,
				144B0C56196BFD7E00166644 /* CoreGraphics.framework */,
				144B0C58196BFD7E00166644 /* UIKit.framework */,
				144B0C76196BFD7E00166644 /* XCTest.framework */,
			);
			name = Frameworks;
			sourceTree = "<group>";
		};
		144B0C5A196BFD7E00166644 /* BabyDiary */ = {
			isa = PBXGroup;
			children = (
				14B9FEBC19809DAB00EB0C75 /* SatManager */,
				14B9FEC21980ABCF00EB0C75 /* SatLogin.h */,
				14B9FEC31980ABCF00EB0C75 /* SatLogin.mm */,
				144B0C63196BFD7E00166644 /* AppDelegate.h */,
				144B0C64196BFD7E00166644 /* AppDelegate.m */,
				144B0C66196BFD7E00166644 /* Main_iPhone.storyboard */,
				144B0C69196BFD7E00166644 /* Main_iPad.storyboard */,
				14B9FECE19811C7600EB0C75 /* ViewController */,
				144B0C6F196BFD7E00166644 /* Images.xcassets */,
				144B0C5B196BFD7E00166644 /* Supporting Files */,
			);
			path = BabyDiary;
			sourceTree = "<group>";
		};
		144B0C5B196BFD7E00166644 /* Supporting Files */ = {
			isa = PBXGroup;
			children = (
				14B9FEC019809E6400EB0C75 /* license */,
				144B0C5C196BFD7E00166644 /* BabyDiary-Info.plist */,
				144B0C5D196BFD7E00166644 /* InfoPlist.strings */,
				144B0C60196BFD7E00166644 /* main.m */,
				144B0C62196BFD7E00166644 /* BabyDiary-Prefix.pch */,
			);
			name = "Supporting Files";
			sourceTree = "<group>";
		};
		144B0C7C196BFD7E00166644 /* BabyDiaryTests */ = {
			isa = PBXGroup;
			children = (
				144B0C82196BFD7E00166644 /* BabyDiaryTests.m */,
				144B0C7D196BFD7E00166644 /* Supporting Files */,
			);
			path = BabyDiaryTests;
			sourceTree = "<group>";
		};
		144B0C7D196BFD7E00166644 /* Supporting Files */ = {
			isa = PBXGroup;
			children = (
				144B0C7E196BFD7E00166644 /* BabyDiaryTests-Info.plist */,
				144B0C7F196BFD7E00166644 /* InfoPlist.strings */,
			);
			name = "Supporting Files";
			sourceTree = "<group>";
		};
		14B9FDFF19809CEE00EB0C75 /* extra */ = {
			isa = PBXGroup;
			children = (
				14B9FE0019809D0200EB0C75 /* SAT_SDK_LIB */,
			);
			name = extra;
			sourceTree = "<group>";
		};
		14B9FE0019809D0200EB0C75 /* SAT_SDK_LIB */ = {
			isa = PBXGroup;
			children = (
				14B9FE0119809D0200EB0C75 /* include */,
				14B9FEA519809D0200EB0C75 /* lib */,
			);
			name = SAT_SDK_LIB;
			path = extra/SAT_SDK_LIB;
			sourceTree = "<group>";
		};
		14B9FE0119809D0200EB0C75 /* include */ = {
			isa = PBXGroup;
			children = (
				14B9FE0219809D0200EB0C75 /* common */,
				14B9FEA119809D0200EB0C75 /* windows */,
			);
			path = include;
			sourceTree = "<group>";
		};
		14B9FE0219809D0200EB0C75 /* common */ = {
			isa = PBXGroup;
			children = (
				14B9FE0319809D0200EB0C75 /* DeviceEntry.h */,
				14B9FE0419809D0200EB0C75 /* DeviceEntryRequest.h */,
				14B9FE0519809D0200EB0C75 /* GoogleDocListBase.h */,
				14B9FE0619809D0200EB0C75 /* GoogleDocListDownloader.h */,
				14B9FE0719809D0200EB0C75 /* GoogleDocListEntry.h */,
				14B9FE0819809D0200EB0C75 /* GoogleDocListUploader.h */,
				14B9FE0919809D0200EB0C75 /* GoogleOAuth2.h */,
				14B9FE0A19809D0200EB0C75 /* IHTTPWebRequest.h */,
				14B9FE0B19809D0200EB0C75 /* IP2PLicense.h */,
				14B9FE0C19809D0200EB0C75 /* IP2PSATRequest.h */,
				14B9FE0D19809D0200EB0C75 /* IP2PServiceMonitor.h */,
				14B9FE0E19809D0200EB0C75 /* IP2PTunnel.h */,
				14B9FE0F19809D0200EB0C75 /* P2PFactory.h */,
				14B9FE1019809D0200EB0C75 /* pj */,
				14B9FE6019809D0200EB0C75 /* pj++ */,
				14B9FE6E19809D0200EB0C75 /* pjlib++.hpp */,
				14B9FE6F19809D0200EB0C75 /* pjlib-util */,
				14B9FE8619809D0200EB0C75 /* pjlib-util.h */,
				14B9FE8719809D0200EB0C75 /* pjlib.h */,
				14B9FE8819809D0200EB0C75 /* pjnath */,
				14B9FE9719809D0200EB0C75 /* pjnath.h */,
				14B9FE9819809D0200EB0C75 /* sat_sdk_lib_client.h */,
				14B9FE9919809D0200EB0C75 /* sat_sdk_lib_config.h */,
				14B9FE9A19809D0200EB0C75 /* sat_sdk_lib_debug.h */,
				14B9FE9B19809D0200EB0C75 /* sat_sdk_lib_enum.h */,
				14B9FE9C19809D0200EB0C75 /* sat_sdk_lib_license.h */,
				14B9FE9D19809D0200EB0C75 /* sat_sdk_lib_module_config.h */,
				14B9FE9E19809D0200EB0C75 /* sat_sdk_lib_platform.h */,
				14B9FE9F19809D0200EB0C75 /* sat_sdk_lib_return_code.h */,
				14B9FEA019809D0200EB0C75 /* sat_sdk_lib_structure.h */,
			);
			path = common;
			sourceTree = "<group>";
		};
		14B9FE1019809D0200EB0C75 /* pj */ = {
			isa = PBXGroup;
			children = (
				14B9FE1119809D0200EB0C75 /* activesock.h */,
				14B9FE1219809D0200EB0C75 /* addr_resolv.h */,
				14B9FE1319809D0200EB0C75 /* array.h */,
				14B9FE1419809D0200EB0C75 /* assert.h */,
				14B9FE1519809D0200EB0C75 /* compat */,
				14B9FE3D19809D0200EB0C75 /* config.h */,
				14B9FE3E19809D0200EB0C75 /* config_site.h */,
				14B9FE3F19809D0200EB0C75 /* config_site_sample.h */,
				14B9FE4019809D0200EB0C75 /* ctype.h */,
				14B9FE4119809D0200EB0C75 /* doxygen.h */,
				14B9FE4219809D0200EB0C75 /* errno.h */,
				14B9FE4319809D0200EB0C75 /* except.h */,
				14B9FE4419809D0200EB0C75 /* fifobuf.h */,
				14B9FE4519809D0200EB0C75 /* file_access.h */,
				14B9FE4619809D0200EB0C75 /* file_io.h */,
				14B9FE4719809D0200EB0C75 /* guid.h */,
				14B9FE4819809D0200EB0C75 /* hash.h */,
				14B9FE4919809D0200EB0C75 /* ioqueue.h */,
				14B9FE4A19809D0200EB0C75 /* ip_helper.h */,
				14B9FE4B19809D0200EB0C75 /* list.h */,
				14B9FE4C19809D0200EB0C75 /* list_i.h */,
				14B9FE4D19809D0200EB0C75 /* lock.h */,
				14B9FE4E19809D0200EB0C75 /* log.h */,
				14B9FE4F19809D0200EB0C75 /* math.h */,
				14B9FE5019809D0200EB0C75 /* os.h */,
				14B9FE5119809D0200EB0C75 /* pool.h */,
				14B9FE5219809D0200EB0C75 /* pool_alt.h */,
				14B9FE5319809D0200EB0C75 /* pool_buf.h */,
				14B9FE5419809D0200EB0C75 /* pool_i.h */,
				14B9FE5519809D0200EB0C75 /* rand.h */,
				14B9FE5619809D0200EB0C75 /* rbtree.h */,
				14B9FE5719809D0200EB0C75 /* sock.h */,
				14B9FE5819809D0200EB0C75 /* sock_qos.h */,
				14B9FE5919809D0200EB0C75 /* sock_select.h */,
				14B9FE5A19809D0200EB0C75 /* ssl_sock.h */,
				14B9FE5B19809D0200EB0C75 /* string.h */,
				14B9FE5C19809D0200EB0C75 /* string_i.h */,
				14B9FE5D19809D0200EB0C75 /* timer.h */,
				14B9FE5E19809D0200EB0C75 /* types.h */,
				14B9FE5F19809D0200EB0C75 /* unicode.h */,
			);
			path = pj;
			sourceTree = "<group>";
		};
		14B9FE1519809D0200EB0C75 /* compat */ = {
			isa = PBXGroup;
			children = (
				14B9FE1619809D0200EB0C75 /* assert.h */,
				14B9FE1719809D0200EB0C75 /* cc_armcc.h */,
				14B9FE1819809D0200EB0C75 /* cc_codew.h */,
				14B9FE1919809D0200EB0C75 /* cc_gcc.h */,
				14B9FE1A19809D0200EB0C75 /* cc_gcce.h */,
				14B9FE1B19809D0200EB0C75 /* cc_msvc.h */,
				14B9FE1C19809D0200EB0C75 /* cc_mwcc.h */,
				14B9FE1D19809D0200EB0C75 /* ctype.h */,
				14B9FE1E19809D0200EB0C75 /* errno.h */,
				14B9FE1F19809D0200EB0C75 /* high_precision.h */,
				14B9FE2019809D0200EB0C75 /* m_alpha.h */,
				14B9FE2119809D0200EB0C75 /* m_armv4.h */,
				14B9FE2219809D0200EB0C75 /* m_auto.h */,
				14B9FE2319809D0200EB0C75 /* m_auto.h.in */,
				14B9FE2419809D0200EB0C75 /* m_i386.h */,
				14B9FE2519809D0200EB0C75 /* m_m68k.h */,
				14B9FE2619809D0200EB0C75 /* m_powerpc.h */,
				14B9FE2719809D0200EB0C75 /* m_sparc.h */,
				14B9FE2819809D0200EB0C75 /* m_x86_64.h */,
				14B9FE2919809D0200EB0C75 /* malloc.h */,
				14B9FE2A19809D0200EB0C75 /* os_auto.h */,
				14B9FE2B19809D0200EB0C75 /* os_auto.h.in */,
				14B9FE2C19809D0200EB0C75 /* os_darwinos.h */,
				14B9FE2D19809D0200EB0C75 /* os_linux.h */,
				14B9FE2E19809D0200EB0C75 /* os_linux_kernel.h */,
				14B9FE2F19809D0200EB0C75 /* os_palmos.h */,
				14B9FE3019809D0200EB0C75 /* os_rtems.h */,
				14B9FE3119809D0200EB0C75 /* os_sunos.h */,
				14B9FE3219809D0200EB0C75 /* os_symbian.h */,
				14B9FE3319809D0200EB0C75 /* os_win32.h */,
				14B9FE3419809D0200EB0C75 /* os_win32_wince.h */,
				14B9FE3519809D0200EB0C75 /* rand.h */,
				14B9FE3619809D0200EB0C75 /* setjmp.h */,
				14B9FE3719809D0200EB0C75 /* size_t.h */,
				14B9FE3819809D0200EB0C75 /* socket.h */,
				14B9FE3919809D0200EB0C75 /* stdarg.h */,
				14B9FE3A19809D0200EB0C75 /* stdfileio.h */,
				14B9FE3B19809D0200EB0C75 /* string.h */,
				14B9FE3C19809D0200EB0C75 /* time.h */,
			);
			path = compat;
			sourceTree = "<group>";
		};
		14B9FE6019809D0200EB0C75 /* pj++ */ = {
			isa = PBXGroup;
			children = (
				14B9FE6119809D0200EB0C75 /* file.hpp */,
				14B9FE6219809D0200EB0C75 /* hash.hpp */,
				14B9FE6319809D0200EB0C75 /* list.hpp */,
				14B9FE6419809D0200EB0C75 /* lock.hpp */,
				14B9FE6519809D0200EB0C75 /* os.hpp */,
				14B9FE6619809D0200EB0C75 /* pool.hpp */,
				14B9FE6719809D0200EB0C75 /* proactor.hpp */,
				14B9FE6819809D0200EB0C75 /* scanner.hpp */,
				14B9FE6919809D0200EB0C75 /* sock.hpp */,
				14B9FE6A19809D0200EB0C75 /* string.hpp */,
				14B9FE6B19809D0200EB0C75 /* timer.hpp */,
				14B9FE6C19809D0200EB0C75 /* tree.hpp */,
				14B9FE6D19809D0200EB0C75 /* types.hpp */,
			);
			path = "pj++";
			sourceTree = "<group>";
		};
		14B9FE6F19809D0200EB0C75 /* pjlib-util */ = {
			isa = PBXGroup;
			children = (
				14B9FE7019809D0200EB0C75 /* base64.h */,
				14B9FE7119809D0200EB0C75 /* config.h */,
				14B9FE7219809D0200EB0C75 /* crc32.h */,
				14B9FE7319809D0200EB0C75 /* dns.h */,
				14B9FE7419809D0200EB0C75 /* dns_server.h */,
				14B9FE7519809D0200EB0C75 /* errno.h */,
				14B9FE7619809D0200EB0C75 /* getopt.h */,
				14B9FE7719809D0200EB0C75 /* hmac_md5.h */,
				14B9FE7819809D0200EB0C75 /* hmac_sha1.h */,
				14B9FE7919809D0200EB0C75 /* http_client.h */,
				14B9FE7A19809D0200EB0C75 /* md5.h */,
				14B9FE7B19809D0200EB0C75 /* pcap.h */,
				14B9FE7C19809D0200EB0C75 /* resolver.h */,
				14B9FE7D19809D0200EB0C75 /* scanner.h */,
				14B9FE7E19809D0200EB0C75 /* scanner_cis_bitwise.h */,
				14B9FE7F19809D0200EB0C75 /* scanner_cis_uint.h */,
				14B9FE8019809D0200EB0C75 /* sha1.h */,
				14B9FE8119809D0200EB0C75 /* srv_resolver.h */,
				14B9FE8219809D0200EB0C75 /* string.h */,
				14B9FE8319809D0200EB0C75 /* stun_simple.h */,
				14B9FE8419809D0200EB0C75 /* types.h */,
				14B9FE8519809D0200EB0C75 /* xml.h */,
			);
			path = "pjlib-util";
			sourceTree = "<group>";
		};
		14B9FE8819809D0200EB0C75 /* pjnath */ = {
			isa = PBXGroup;
			children = (
				14B9FE8919809D0200EB0C75 /* config.h */,
				14B9FE8A19809D0200EB0C75 /* errno.h */,
				14B9FE8B19809D0200EB0C75 /* ice_session.h */,
				14B9FE8C19809D0200EB0C75 /* ice_strans.h */,
				14B9FE8D19809D0200EB0C75 /* nat_detect.h */,
				14B9FE8E19809D0200EB0C75 /* stun_auth.h */,
				14B9FE8F19809D0200EB0C75 /* stun_config.h */,
				14B9FE9019809D0200EB0C75 /* stun_msg.h */,
				14B9FE9119809D0200EB0C75 /* stun_session.h */,
				14B9FE9219809D0200EB0C75 /* stun_sock.h */,
				14B9FE9319809D0200EB0C75 /* stun_transaction.h */,
				14B9FE9419809D0200EB0C75 /* turn_session.h */,
				14B9FE9519809D0200EB0C75 /* turn_sock.h */,
				14B9FE9619809D0200EB0C75 /* types.h */,
			);
			path = pjnath;
			sourceTree = "<group>";
		};
		14B9FEA119809D0200EB0C75 /* windows */ = {
			isa = PBXGroup;
			children = (
				14B9FEA219809D0200EB0C75 /* pthread.h */,
				14B9FEA319809D0200EB0C75 /* sched.h */,
				14B9FEA419809D0200EB0C75 /* semaphore.h */,
			);
			path = windows;
			sourceTree = "<group>";
		};
		14B9FEA519809D0200EB0C75 /* lib */ = {
			isa = PBXGroup;
			children = (
				14B9FEA619809D0200EB0C75 /* libgoogle.a */,
				14B9FEA719809D0200EB0C75 /* libp2p-client-license.a */,
				14B9FEA819809D0200EB0C75 /* libp2p-client.a */,
				14B9FEA919809D0200EB0C75 /* libp2p-common.a */,
				14B9FEAA19809D0200EB0C75 /* libp2p-factory.a */,
				14B9FEAB19809D0200EB0C75 /* libp2p-service-monitor.a */,
				14B9FEAC19809D0200EB0C75 /* libpj-arm-apple-darwin9.a */,
				14B9FEAD19809D0200EB0C75 /* libpjlib-util-arm-apple-darwin9.a */,
				14B9FEAE19809D0200EB0C75 /* libpjnath-arm-apple-darwin9.a */,
				14B9FEAF19809D0200EB0C75 /* libpolarssl.a */,
			);
			path = lib;
			sourceTree = "<group>";
		};
		14B9FEBC19809DAB00EB0C75 /* SatManager */ = {
			isa = PBXGroup;
			children = (
				14B9FEBD19809E3900EB0C75 /* SatManager.h */,
				14B9FEBE19809E3900EB0C75 /* SatManager.mm */,
				14B9FEC8198111AC00EB0C75 /* SatDevice.h */,
				14B9FEC9198111AC00EB0C75 /* SatDevice.mm */,
			);
			name = SatManager;
			sourceTree = "<group>";
		};
		14B9FECE19811C7600EB0C75 /* ViewController */ = {
			isa = PBXGroup;
			children = (
				14B9FECB19811C6D00EB0C75 /* ContentViewController.h */,
				14B9FECC19811C6D00EB0C75 /* ContentViewController.m */,
				14B9FECF19811D4100EB0C75 /* LoginViewController.h */,
				14B9FED019811D4100EB0C75 /* LoginViewController.m */,
				1491F87F1985E25E0040CCFE /* NavigationViewController.h */,
				1491F8801985E25E0040CCFE /* NavigationViewController.m */,
			);
			name = ViewController;
			sourceTree = "<group>";
		};
/* End PBXGroup section */

/* Begin PBXNativeTarget section */
		144B0C50196BFD7E00166644 /* BabyDiary */ = {
			isa = PBXNativeTarget;
			buildConfigurationList = 144B0C86196BFD7E00166644 /* Build configuration list for PBXNativeTarget "BabyDiary" */;
			buildPhases = (
				144B0C4D196BFD7E00166644 /* Sources */,
				144B0C4E196BFD7E00166644 /* Frameworks */,
				144B0C4F196BFD7E00166644 /* Resources */,
			);
			buildRules = (
			);
			dependencies = (
			);
			name = BabyDiary;
			productName = BabyDiary;
			productReference = 144B0C51196BFD7E00166644 /* BabyDiary.app */;
			productType = "com.apple.product-type.application";
		};
		144B0C74196BFD7E00166644 /* BabyDiaryTests */ = {
			isa = PBXNativeTarget;
			buildConfigurationList = 144B0C89196BFD7E00166644 /* Build configuration list for PBXNativeTarget "BabyDiaryTests" */;
			buildPhases = (
				144B0C71196BFD7E00166644 /* Sources */,
				144B0C72196BFD7E00166644 /* Frameworks */,
				144B0C73196BFD7E00166644 /* Resources */,
			);
			buildRules = (
			);
			dependencies = (
				144B0C7B196BFD7E00166644 /* PBXTargetDependency */,
			);
			name = BabyDiaryTests;
			productName = BabyDiaryTests;
			productReference = 144B0C75196BFD7E00166644 /* BabyDiaryTests.xctest */;
			productType = "com.apple.product-type.bundle.unit-test";
		};
/* End PBXNativeTarget section */

/* Begin PBXProject section */
		144B0C49196BFD7E00166644 /* Project object */ = {
			isa = PBXProject;
			attributes = {
				LastUpgradeCheck = 0510;
				ORGANIZATIONNAME = "德忻 楊";
				TargetAttributes = {
					144B0C50196BFD7E00166644 = {
						DevelopmentTeam = AMUP7B5WV9;
					};
					144B0C74196BFD7E00166644 = {
						TestTargetID = 144B0C50196BFD7E00166644;
					};
				};
			};
			buildConfigurationList = 144B0C4C196BFD7E00166644 /* Build configuration list for PBXProject "BabyDiary" */;
			compatibilityVersion = "Xcode 3.2";
			developmentRegion = English;
			hasScannedForEncodings = 0;
			knownRegions = (
				en,
				Base,
			);
			mainGroup = 144B0C48196BFD7E00166644;
			productRefGroup = 144B0C52196BFD7E00166644 /* Products */;
			projectDirPath = "";
			projectRoot = "";
			targets = (
				144B0C50196BFD7E00166644 /* BabyDiary */,
				144B0C74196BFD7E00166644 /* BabyDiaryTests */,
			);
		};
/* End PBXProject section */

/* Begin PBXResourcesBuildPhase section */
		144B0C4F196BFD7E00166644 /* Resources */ = {
			isa = PBXResourcesBuildPhase;
			buildActionMask = 2147483647;
			files = (
				144B0C6B196BFD7E00166644 /* Main_iPad.storyboard in Resources */,
				14B9FEC119809E6400EB0C75 /* license in Resources */,
				14B9FEB119809D0200EB0C75 /* os_auto.h.in in Resources */,
				144B0C8C196C006B00166644 /* Images.xcassets in Resources */,
				14B9FEB019809D0200EB0C75 /* m_auto.h.in in Resources */,
				144B0C68196BFD7E00166644 /* Main_iPhone.storyboard in Resources */,
				144B0C5F196BFD7E00166644 /* InfoPlist.strings in Resources */,
			);
			runOnlyForDeploymentPostprocessing = 0;
		};
		144B0C73196BFD7E00166644 /* Resources */ = {
			isa = PBXResourcesBuildPhase;
			buildActionMask = 2147483647;
			files = (
				144B0C81196BFD7E00166644 /* InfoPlist.strings in Resources */,
			);
			runOnlyForDeploymentPostprocessing = 0;
		};
/* End PBXResourcesBuildPhase section */

/* Begin PBXSourcesBuildPhase section */
		144B0C4D196BFD7E00166644 /* Sources */ = {
			isa = PBXSourcesBuildPhase;
			buildActionMask = 2147483647;
			files = (
				14B9FED119811D4100EB0C75 /* LoginViewController.m in Sources */,
				14B9FECA198111AC00EB0C75 /* SatDevice.mm in Sources */,
				14B9FECD19811C6D00EB0C75 /* ContentViewController.m in Sources */,
				144B0C65196BFD7E00166644 /* AppDelegate.m in Sources */,
				1491F8811985E25E0040CCFE /* NavigationViewController.m in Sources */,
				14B9FEC41980ABCF00EB0C75 /* SatLogin.mm in Sources */,
				14B9FEBF19809E3900EB0C75 /* SatManager.mm in Sources */,
				144B0C61196BFD7E00166644 /* main.m in Sources */,
			);
			runOnlyForDeploymentPostprocessing = 0;
		};
		144B0C71196BFD7E00166644 /* Sources */ = {
			isa = PBXSourcesBuildPhase;
			buildActionMask = 2147483647;
			files = (
				144B0C83196BFD7E00166644 /* BabyDiaryTests.m in Sources */,
			);
			runOnlyForDeploymentPostprocessing = 0;
		};
/* End PBXSourcesBuildPhase section */

/* Begin PBXTargetDependency section */
		144B0C7B196BFD7E00166644 /* PBXTargetDependency */ = {
			isa = PBXTargetDependency;
			target = 144B0C50196BFD7E00166644 /* BabyDiary */;
			targetProxy = 144B0C7A196BFD7E00166644 /* PBXContainerItemProxy */;
		};
/* End PBXTargetDependency section */

/* Begin PBXVariantGroup section */
		144B0C5D196BFD7E00166644 /* InfoPlist.strings */ = {
			isa = PBXVariantGroup;
			children = (
				144B0C5E196BFD7E00166644 /* en */,
			);
			name = InfoPlist.strings;
			sourceTree = "<group>";
		};
		144B0C66196BFD7E00166644 /* Main_iPhone.storyboard */ = {
			isa = PBXVariantGroup;
			children = (
				144B0C67196BFD7E00166644 /* Base */,
			);
			name = Main_iPhone.storyboard;
			sourceTree = "<group>";
		};
		144B0C69196BFD7E00166644 /* Main_iPad.storyboard */ = {
			isa = PBXVariantGroup;
			children = (
				144B0C6A196BFD7E00166644 /* Base */,
			);
			name = Main_iPad.storyboard;
			sourceTree = "<group>";
		};
		144B0C7F196BFD7E00166644 /* InfoPlist.strings */ = {
			isa = PBXVariantGroup;
			children = (
				144B0C80196BFD7E00166644 /* en */,
			);
			name = InfoPlist.strings;
			sourceTree = "<group>";
		};
/* End PBXVariantGroup section */

/* Begin XCBuildConfiguration section */
		144B0C84196BFD7E00166644 /* Debug */ = {
			isa = XCBuildConfiguration;
			buildSettings = {
				ALWAYS_SEARCH_USER_PATHS = NO;
				CLANG_CXX_LANGUAGE_STANDARD = "gnu++0x";
				CLANG_CXX_LIBRARY = "libc++";
				CLANG_ENABLE_MODULES = YES;
				CLANG_ENABLE_OBJC_ARC = YES;
				CLANG_WARN_BOOL_CONVERSION = YES;
				CLANG_WARN_CONSTANT_CONVERSION = YES;
				CLANG_WARN_DIRECT_OBJC_ISA_USAGE = YES_ERROR;
				CLANG_WARN_EMPTY_BODY = YES;
				CLANG_WARN_ENUM_CONVERSION = YES;
				CLANG_WARN_INT_CONVERSION = YES;
				CLANG_WARN_OBJC_ROOT_CLASS = YES_ERROR;
				CLANG_WARN__DUPLICATE_METHOD_MATCH = YES;
				"CODE_SIGN_IDENTITY[sdk=iphoneos*]" = "iPhone Developer";
				COPY_PHASE_STRIP = NO;
				GCC_C_LANGUAGE_STANDARD = gnu99;
				GCC_DYNAMIC_NO_PIC = NO;
				GCC_OPTIMIZATION_LEVEL = 0;
				GCC_PREPROCESSOR_DEFINITIONS = (
					"DEBUG=1",
					"$(inherited)",
				);
				GCC_SYMBOLS_PRIVATE_EXTERN = NO;
				GCC_WARN_64_TO_32_BIT_CONVERSION = YES;
				GCC_WARN_ABOUT_RETURN_TYPE = YES_ERROR;
				GCC_WARN_UNDECLARED_SELECTOR = YES;
				GCC_WARN_UNINITIALIZED_AUTOS = YES_AGGRESSIVE;
				GCC_WARN_UNUSED_FUNCTION = YES;
				GCC_WARN_UNUSED_VARIABLE = YES;
				IPHONEOS_DEPLOYMENT_TARGET = 7.1;
				ONLY_ACTIVE_ARCH = YES;
				SDKROOT = iphoneos;
				TARGETED_DEVICE_FAMILY = "1,2";
			};
			name = Debug;
		};
		144B0C85196BFD7E00166644 /* Release */ = {
			isa = XCBuildConfiguration;
			buildSettings = {
				ALWAYS_SEARCH_USER_PATHS = NO;
				CLANG_CXX_LANGUAGE_STANDARD = "gnu++0x";
				CLANG_CXX_LIBRARY = "libc++";
				CLANG_ENABLE_MODULES = YES;
				CLANG_ENABLE_OBJC_ARC = YES;
				CLANG_WARN_BOOL_CONVERSION = YES;
				CLANG_WARN_CONSTANT_CONVERSION = YES;
				CLANG_WARN_DIRECT_OBJC_ISA_USAGE = YES_ERROR;
				CLANG_WARN_EMPTY_BODY = YES;
				CLANG_WARN_ENUM_CONVERSION = YES;
				CLANG_WARN_INT_CONVERSION = YES;
				CLANG_WARN_OBJC_ROOT_CLASS = YES_ERROR;
				CLANG_WARN__DUPLICATE_METHOD_MATCH = YES;
				"CODE_SIGN_IDENTITY[sdk=iphoneos*]" = "iPhone Developer";
				COPY_PHASE_STRIP = YES;
				ENABLE_NS_ASSERTIONS = NO;
				GCC_C_LANGUAGE_STANDARD = gnu99;
				GCC_WARN_64_TO_32_BIT_CONVERSION = YES;
				GCC_WARN_ABOUT_RETURN_TYPE = YES_ERROR;
				GCC_WARN_UNDECLARED_SELECTOR = YES;
				GCC_WARN_UNINITIALIZED_AUTOS = YES_AGGRESSIVE;
				GCC_WARN_UNUSED_FUNCTION = YES;
				GCC_WARN_UNUSED_VARIABLE = YES;
				IPHONEOS_DEPLOYMENT_TARGET = 7.1;
				SDKROOT = iphoneos;
				TARGETED_DEVICE_FAMILY = "1,2";
				VALIDATE_PRODUCT = YES;
			};
			name = Release;
		};
		144B0C87196BFD7E00166644 /* Debug */ = {
			isa = XCBuildConfiguration;
			buildSettings = {
				ASSETCATALOG_COMPILER_APPICON_NAME = AppIcon;
				ASSETCATALOG_COMPILER_LAUNCHIMAGE_NAME = LaunchImage;
				CLANG_CXX_LANGUAGE_STANDARD = "compiler-default";
				CLANG_CXX_LIBRARY = "compiler-default";
				CODE_SIGN_IDENTITY = "iPhone Developer";
				GCC_PRECOMPILE_PREFIX_HEADER = YES;
				GCC_PREFIX_HEADER = "BabyDiary/BabyDiary-Prefix.pch";
				HEADER_SEARCH_PATHS = (
					"$(PROJECT_DIR)/extra/SAT_SDK_LIB/include/common",
					"$(inherited)",
					/Applications/Xcode.app/Contents/Developer/Toolchains/XcodeDefault.xctoolchain/usr/include,
				);
				INFOPLIST_FILE = "BabyDiary/BabyDiary-Info.plist";
				IPHONEOS_DEPLOYMENT_TARGET = 6.0;
				LIBRARY_SEARCH_PATHS = (
					"$(inherited)",
					"$(PROJECT_DIR)/extra/SAT_SDK_LIB/lib",
				);
				PRODUCT_NAME = "$(TARGET_NAME)";
				VALID_ARCHS = armv7;
				WRAPPER_EXTENSION = app;
			};
			name = Debug;
		};
		144B0C88196BFD7E00166644 /* Release */ = {
			isa = XCBuildConfiguration;
			buildSettings = {
				ASSETCATALOG_COMPILER_APPICON_NAME = AppIcon;
				ASSETCATALOG_COMPILER_LAUNCHIMAGE_NAME = LaunchImage;
				CLANG_CXX_LANGUAGE_STANDARD = "compiler-default";
				CLANG_CXX_LIBRARY = "compiler-default";
				CODE_SIGN_IDENTITY = "iPhone Developer";
				GCC_PRECOMPILE_PREFIX_HEADER = YES;
				GCC_PREFIX_HEADER = "BabyDiary/BabyDiary-Prefix.pch";
				HEADER_SEARCH_PATHS = (
					"$(PROJECT_DIR)/extra/SAT_SDK_LIB/include/common",
					"$(inherited)",
					/Applications/Xcode.app/Contents/Developer/Toolchains/XcodeDefault.xctoolchain/usr/include,
				);
				INFOPLIST_FILE = "BabyDiary/BabyDiary-Info.plist";
				IPHONEOS_DEPLOYMENT_TARGET = 6.0;
				LIBRARY_SEARCH_PATHS = (
					"$(inherited)",
					"$(PROJECT_DIR)/extra/SAT_SDK_LIB/lib",
				);
				PRODUCT_NAME = "$(TARGET_NAME)";
				VALID_ARCHS = armv7;
				WRAPPER_EXTENSION = app;
			};
			name = Release;
		};
		144B0C8A196BFD7E00166644 /* Debug */ = {
			isa = XCBuildConfiguration;
			buildSettings = {
				BUNDLE_LOADER = "$(BUILT_PRODUCTS_DIR)/BabyDiary.app/BabyDiary";
				FRAMEWORK_SEARCH_PATHS = (
					"$(SDKROOT)/Developer/Library/Frameworks",
					"$(inherited)",
					"$(DEVELOPER_FRAMEWORKS_DIR)",
				);
				GCC_PRECOMPILE_PREFIX_HEADER = YES;
				GCC_PREFIX_HEADER = "BabyDiary/BabyDiary-Prefix.pch";
				GCC_PREPROCESSOR_DEFINITIONS = (
					"DEBUG=1",
					"$(inherited)",
				);
				INFOPLIST_FILE = "BabyDiaryTests/BabyDiaryTests-Info.plist";
				PRODUCT_NAME = "$(TARGET_NAME)";
				TEST_HOST = "$(BUNDLE_LOADER)";
				WRAPPER_EXTENSION = xctest;
			};
			name = Debug;
		};
		144B0C8B196BFD7E00166644 /* Release */ = {
			isa = XCBuildConfiguration;
			buildSettings = {
				BUNDLE_LOADER = "$(BUILT_PRODUCTS_DIR)/BabyDiary.app/BabyDiary";
				FRAMEWORK_SEARCH_PATHS = (
					"$(SDKROOT)/Developer/Library/Frameworks",
					"$(inherited)",
					"$(DEVELOPER_FRAMEWORKS_DIR)",
				);
				GCC_PRECOMPILE_PREFIX_HEADER = YES;
				GCC_PREFIX_HEADER = "BabyDiary/BabyDiary-Prefix.pch";
				INFOPLIST_FILE = "BabyDiaryTests/BabyDiaryTests-Info.plist";
				PRODUCT_NAME = "$(TARGET_NAME)";
				TEST_HOST = "$(BUNDLE_LOADER)";
				WRAPPER_EXTENSION = xctest;
			};
			name = Release;
		};
/* End XCBuildConfiguration section */

/* Begin XCConfigurationList section */
		144B0C4C196BFD7E00166644 /* Build configuration list for PBXProject "BabyDiary" */ = {
			isa = XCConfigurationList;
			buildConfigurations = (
				144B0C84196BFD7E00166644 /* Debug */,
				144B0C85196BFD7E00166644 /* Release */,
			);
			defaultConfigurationIsVisible = 0;
			defaultConfigurationName = Release;
		};
		144B0C86196BFD7E00166644 /* Build configuration list for PBXNativeTarget "BabyDiary" */ = {
			isa = XCConfigurationList;
			buildConfigurations = (
				144B0C87196BFD7E00166644 /* Debug */,
				144B0C88196BFD7E00166644 /* Release */,
			);
			defaultConfigurationIsVisible = 0;
			defaultConfigurationName = Release;
		};
		144B0C89196BFD7E00166644 /* Build configuration list for PBXNativeTarget "BabyDiaryTests" */ = {
			isa = XCConfigurationList;
			buildConfigurations = (
				144B0C8A196BFD7E00166644 /* Debug */,
				144B0C8B196BFD7E00166644 /* Release */,
			);
			defaultConfigurationIsVisible = 0;
			defaultConfigurationName = Release;
		};
/* End XCConfigurationList section */
	};
	rootObject = 144B0C49196BFD7E00166644 /* Project object */;
}
